
Microsoft Visual Studio Solution File, Format Version 12.00
# Visual Studio Version 17
VisualStudioVersion = 17.9.34518.117
MinimumVisualStudioVersion = 10.0.40219.1
Project("{FAE04EC0-301F-11D3-BF4B-00C04F79EFBC}") = "Chains", "Chains\Chains.csproj", "{1549499A-A4B0-4B96-9426-9C3294787052}"
	ProjectSection(ProjectDependencies) = postProject
		{2CBB9F8E-4F71-48D1-B737-D00A7143B803} = {2CBB9F8E-4F71-48D1-B737-D00A7143B803}
	EndProjectSection
EndProject
Project("{FAE04EC0-301F-11D3-BF4B-00C04F79EFBC}") = "Chains.Core", "Chains.Core\Chains.Core.csproj", "{2CBB9F8E-4F71-48D1-B737-D00A7143B803}"
EndProject
Global
	GlobalSection(SolutionConfigurationPlatforms) = preSolution
		Debug|Any CPU = Debug|Any CPU
		Release|Any CPU = Release|Any CPU
	EndGlobalSection
	GlobalSection(ProjectConfigurationPlatforms) = postSolution
		{1549499A-A4B0-4B96-9426-9C3294787052}.Debug|Any CPU.ActiveCfg = Debug|Any CPU
		{1549499A-A4B0-4B96-9426-9C3294787052}.Debug|Any CPU.Build.0 = Debug|Any CPU
		{1549499A-A4B0-4B96-9426-9C3294787052}.Release|Any CPU.ActiveCfg = Release|Any CPU
		{1549499A-A4B0-4B96-9426-9C3294787052}.Release|Any CPU.Build.0 = Release|Any CPU
		{2CBB9F8E-4F71-48D1-B737-D00A7143B803}.Debug|Any CPU.ActiveCfg = Debug|Any CPU
		{2CBB9F8E-4F71-48D1-B737-D00A7143B803}.Debug|Any CPU.Build.0 = Debug|Any CPU
		{2CBB9F8E-4F71-48D1-B737-D00A7143B803}.Release|Any CPU.ActiveCfg = Release|Any CPU
		{2CBB9F8E-4F71-48D1-B737-D00A7143B803}.Release|Any CPU.Build.0 = Release|Any CPU
	EndGlobalSection
	GlobalSection(SolutionProperties) = preSolution
		HideSolutionNode = FALSE
	EndGlobalSection
	GlobalSection(ExtensibilityGlobals) = postSolution
		SolutionGuid = {FB0FD5E1-9870-4BE6-9A8E-A4D576F359CE}
	EndGlobalSection
EndGlobal
